{
  "name": "semantic-scss",
  "version": "0.1.0",
  "lockfileVersion": 3,
  "requires": true,
  "packages": {
    "": {
      "name": "semantic-scss",
      "version": "0.1.0",
      "license": "ISC",
      "dependencies": {
        "github-markdown-css": "^5.2.0"
      }
    },
    "node_modules/github-markdown-css": {
      "version": "5.2.0",
      "resolved": "https://registry.npmjs.org/github-markdown-css/-/github-markdown-css-5.2.0.tgz",
      "integrity": "sha512-hq5RaCInSUZ48bImOZpkppW2/MT44StRgsbsZ8YA4vJFwLKB/Vo3k7R2t+pUGqO+ThG0QDMi96TewV/B3vyItg==",
      "funding": {
        "url": "https://github.com/sponsors/sindresorhus"
      }
    }
  }
}
